
Microsoft Visual Studio Solution File, Format Version 12.00
# Visual Studio Version 16
VisualStudioVersion = 16.0.28729.10
MinimumVisualStudioVersion = 10.0.40219.1
Project("{FAE04EC0-301F-11D3-BF4B-00C04F79EFBC}") = "BillCount", "BillCount\BillCount.csproj", "{5B415CAE-0EA0-4F82-84E2-3224A765D47A}"
EndProject
Global
	GlobalSection(SolutionConfigurationPlatforms) = preSolution
		Debug|Any CPU = Debug|Any CPU
		Release|Any CPU = Release|Any CPU
	EndGlobalSection
	GlobalSection(ProjectConfigurationPlatforms) = postSolution
		{5B415CAE-0EA0-4F82-84E2-3224A765D47A}.Debug|Any CPU.ActiveCfg = Debug|Any CPU
		{5B415CAE-0EA0-4F82-84E2-3224A765D47A}.Debug|Any CPU.Build.0 = Debug|Any CPU
		{5B415CAE-0EA0-4F82-84E2-3224A765D47A}.Release|Any CPU.ActiveCfg = Release|Any CPU
		{5B415CAE-0EA0-4F82-84E2-3224A765D47A}.Release|Any CPU.Build.0 = Release|Any CPU
	EndGlobalSection
	GlobalSection(SolutionProperties) = preSolution
		HideSolutionNode = FALSE
	EndGlobalSection
	GlobalSection(ExtensibilityGlobals) = postSolution
		SolutionGuid = {30FA2091-179B-401B-9EE8-E32260C1400F}
	EndGlobalSection
EndGlobal
